// !$*UTF8*$!
{
	archiveVersion = 1;
	classes = {
	};
	objectVersion = 50;
	objects = {

/* Begin PBXBuildFile section */
		FAC77F6C2549E7BF00120127 /* HomeResponse.swift in Sources */ = {isa = PBXBuildFile; fileRef = FAC77F6B2549E7BF00120127 /* HomeResponse.swift */; };
		FAC77F732549E84F00120127 /* HomeViewModel.swift in Sources */ = {isa = PBXBuildFile; fileRef = FAC77F722549E84F00120127 /* HomeViewModel.swift */; };
		FAC77F802549E95E00120127 /* HomeViewController.swift in Sources */ = {isa = PBXBuildFile; fileRef = FAC77F7F2549E95E00120127 /* HomeViewController.swift */; };
		FAC77FA72549EEA500120127 /* MainViewController.swift in Sources */ = {isa = PBXBuildFile; fileRef = FAC77FA62549EEA500120127 /* MainViewController.swift */; };
		FADF4C5B25330DED00AA92A1 /* ModuloTechTests.swift in Sources */ = {isa = PBXBuildFile; fileRef = FADF4C5A25330DED00AA92A1 /* ModuloTechTests.swift */; };
		FADF4C6625330DEE00AA92A1 /* ModuloTechUITests.swift in Sources */ = {isa = PBXBuildFile; fileRef = FADF4C6525330DEE00AA92A1 /* ModuloTechUITests.swift */; };
		FADF4C92253310E000AA92A1 /* Assets.xcassets in Resources */ = {isa = PBXBuildFile; fileRef = FADF4C8A253310E000AA92A1 /* Assets.xcassets */; };
		FADF4C93253310E000AA92A1 /* LaunchScreen.storyboard in Resources */ = {isa = PBXBuildFile; fileRef = FADF4C8B253310E000AA92A1 /* LaunchScreen.storyboard */; };
		FADF4C95253310E000AA92A1 /* AppDelegate.swift in Sources */ = {isa = PBXBuildFile; fileRef = FADF4C8F253310E000AA92A1 /* AppDelegate.swift */; };
		FADF4D07253315F600AA92A1 /* Localizable.strings in Resources */ = {isa = PBXBuildFile; fileRef = FADF4D09253315F600AA92A1 /* Localizable.strings */; };
		FADF4D3125331E0400AA92A1 /* Heater.swift in Sources */ = {isa = PBXBuildFile; fileRef = FADF4D2D25331E0400AA92A1 /* Heater.swift */; };
		FADF4D3225331E0400AA92A1 /* Light.swift in Sources */ = {isa = PBXBuildFile; fileRef = FADF4D2E25331E0400AA92A1 /* Light.swift */; };
		FADF4D3325331E0400AA92A1 /* RollerShutter.swift in Sources */ = {isa = PBXBuildFile; fileRef = FADF4D2F25331E0400AA92A1 /* RollerShutter.swift */; };
		FADF4D3425331E0400AA92A1 /* Device.swift in Sources */ = {isa = PBXBuildFile; fileRef = FADF4D3025331E0400AA92A1 /* Device.swift */; };
		FADF4D3E2533201500AA92A1 /* RequestInfo.swift in Sources */ = {isa = PBXBuildFile; fileRef = FADF4D392533201500AA92A1 /* RequestInfo.swift */; };
		FADF4D3F2533201500AA92A1 /* NetworkClientProtocol.swift in Sources */ = {isa = PBXBuildFile; fileRef = FADF4D3A2533201500AA92A1 /* NetworkClientProtocol.swift */; };
		FADF4D402533201500AA92A1 /* RequestableProtocol.swift in Sources */ = {isa = PBXBuildFile; fileRef = FADF4D3B2533201500AA92A1 /* RequestableProtocol.swift */; };
		FADF4D412533201500AA92A1 /* NetworkClient.swift in Sources */ = {isa = PBXBuildFile; fileRef = FADF4D3C2533201500AA92A1 /* NetworkClient.swift */; };
		FADF4D422533201500AA92A1 /* NetworkConnector.swift in Sources */ = {isa = PBXBuildFile; fileRef = FADF4D3D2533201500AA92A1 /* NetworkConnector.swift */; };
/* End PBXBuildFile section */

/* Begin PBXContainerItemProxy section */
		FADF4C5725330DED00AA92A1 /* PBXContainerItemProxy */ = {
			isa = PBXContainerItemProxy;
			containerPortal = FADF4C3825330DEC00AA92A1 /* Project object */;
			proxyType = 1;
			remoteGlobalIDString = FADF4C3F25330DEC00AA92A1;
			remoteInfo = ModuloTech;
		};
		FADF4C6225330DEE00AA92A1 /* PBXContainerItemProxy */ = {
			isa = PBXContainerItemProxy;
			containerPortal = FADF4C3825330DEC00AA92A1 /* Project object */;
			proxyType = 1;
			remoteGlobalIDString = FADF4C3F25330DEC00AA92A1;
			remoteInfo = ModuloTech;
		};
/* End PBXContainerItemProxy section */

/* Begin PBXFileReference section */
		5B4A0CE2DB4FD0083EA245B5 /* Pods-ModuloTechTests.release.xcconfig */ = {isa = PBXFileReference; includeInIndex = 1; lastKnownFileType = text.xcconfig; name = "Pods-ModuloTechTests.release.xcconfig"; path = "Target Support Files/Pods-ModuloTechTests/Pods-ModuloTechTests.release.xcconfig"; sourceTree = "<group>"; };
		5EC64066AF645CFD60B2B7AB /* Pods-ModuloTech-ModuloTechUITests.debug.xcconfig */ = {isa = PBXFileReference; includeInIndex = 1; lastKnownFileType = text.xcconfig; name = "Pods-ModuloTech-ModuloTechUITests.debug.xcconfig"; path = "Target Support Files/Pods-ModuloTech-ModuloTechUITests/Pods-ModuloTech-ModuloTechUITests.debug.xcconfig"; sourceTree = "<group>"; };
		63088E00A51DF139F3F7AC4B /* Pods-ModuloTech.release.xcconfig */ = {isa = PBXFileReference; includeInIndex = 1; lastKnownFileType = text.xcconfig; name = "Pods-ModuloTech.release.xcconfig"; path = "Target Support Files/Pods-ModuloTech/Pods-ModuloTech.release.xcconfig"; sourceTree = "<group>"; };
		A3F03F30E29D1EE8D4C7448D /* Pods-ModuloTech-ModuloTechUITests.release.xcconfig */ = {isa = PBXFileReference; includeInIndex = 1; lastKnownFileType = text.xcconfig; name = "Pods-ModuloTech-ModuloTechUITests.release.xcconfig"; path = "Target Support Files/Pods-ModuloTech-ModuloTechUITests/Pods-ModuloTech-ModuloTechUITests.release.xcconfig"; sourceTree = "<group>"; };
		C5321EEC925C0E6ABADC57BB /* Pods-ModuloTechTests.debug.xcconfig */ = {isa = PBXFileReference; includeInIndex = 1; lastKnownFileType = text.xcconfig; name = "Pods-ModuloTechTests.debug.xcconfig"; path = "Target Support Files/Pods-ModuloTechTests/Pods-ModuloTechTests.debug.xcconfig"; sourceTree = "<group>"; };
		E48E75E8B886775D4E956B7C /* Pods-ModuloTech.debug.xcconfig */ = {isa = PBXFileReference; includeInIndex = 1; lastKnownFileType = text.xcconfig; name = "Pods-ModuloTech.debug.xcconfig"; path = "Target Support Files/Pods-ModuloTech/Pods-ModuloTech.debug.xcconfig"; sourceTree = "<group>"; };
		FAC77F6B2549E7BF00120127 /* HomeResponse.swift */ = {isa = PBXFileReference; lastKnownFileType = sourcecode.swift; path = HomeResponse.swift; sourceTree = "<group>"; };
		FAC77F722549E84F00120127 /* HomeViewModel.swift */ = {isa = PBXFileReference; lastKnownFileType = sourcecode.swift; path = HomeViewModel.swift; sourceTree = "<group>"; };
		FAC77F7F2549E95E00120127 /* HomeViewController.swift */ = {isa = PBXFileReference; lastKnownFileType = sourcecode.swift; path = HomeViewController.swift; sourceTree = "<group>"; };
		FAC77FA62549EEA500120127 /* MainViewController.swift */ = {isa = PBXFileReference; lastKnownFileType = sourcecode.swift; path = MainViewController.swift; sourceTree = "<group>"; };
		FADF4C4025330DEC00AA92A1 /* ModuloTech.app */ = {isa = PBXFileReference; explicitFileType = wrapper.application; includeInIndex = 0; path = ModuloTech.app; sourceTree = BUILT_PRODUCTS_DIR; };
		FADF4C5625330DED00AA92A1 /* ModuloTechTests.xctest */ = {isa = PBXFileReference; explicitFileType = wrapper.cfbundle; includeInIndex = 0; path = ModuloTechTests.xctest; sourceTree = BUILT_PRODUCTS_DIR; };
		FADF4C5A25330DED00AA92A1 /* ModuloTechTests.swift */ = {isa = PBXFileReference; lastKnownFileType = sourcecode.swift; path = ModuloTechTests.swift; sourceTree = "<group>"; };
		FADF4C5C25330DED00AA92A1 /* Info.plist */ = {isa = PBXFileReference; lastKnownFileType = text.plist.xml; path = Info.plist; sourceTree = "<group>"; };
		FADF4C6125330DEE00AA92A1 /* ModuloTechUITests.xctest */ = {isa = PBXFileReference; explicitFileType = wrapper.cfbundle; includeInIndex = 0; path = ModuloTechUITests.xctest; sourceTree = BUILT_PRODUCTS_DIR; };
		FADF4C6525330DEE00AA92A1 /* ModuloTechUITests.swift */ = {isa = PBXFileReference; lastKnownFileType = sourcecode.swift; path = ModuloTechUITests.swift; sourceTree = "<group>"; };
		FADF4C6725330DEE00AA92A1 /* Info.plist */ = {isa = PBXFileReference; lastKnownFileType = text.plist.xml; path = Info.plist; sourceTree = "<group>"; };
		FADF4C8A253310E000AA92A1 /* Assets.xcassets */ = {isa = PBXFileReference; lastKnownFileType = folder.assetcatalog; path = Assets.xcassets; sourceTree = "<group>"; };
		FADF4C8C253310E000AA92A1 /* Base */ = {isa = PBXFileReference; lastKnownFileType = file.storyboard; name = Base; path = Base.lproj/LaunchScreen.storyboard; sourceTree = "<group>"; };
		FADF4C8F253310E000AA92A1 /* AppDelegate.swift */ = {isa = PBXFileReference; fileEncoding = 4; lastKnownFileType = sourcecode.swift; path = AppDelegate.swift; sourceTree = "<group>"; };
		FADF4C90253310E000AA92A1 /* Info.plist */ = {isa = PBXFileReference; fileEncoding = 4; lastKnownFileType = text.plist.xml; path = Info.plist; sourceTree = "<group>"; };
		FADF4D08253315F600AA92A1 /* en */ = {isa = PBXFileReference; lastKnownFileType = text.plist.strings; name = en; path = en.lproj/Localizable.strings; sourceTree = "<group>"; };
		FADF4D0D2533160D00AA92A1 /* fr */ = {isa = PBXFileReference; lastKnownFileType = text.plist.strings; name = fr; path = fr.lproj/Localizable.strings; sourceTree = "<group>"; };
		FADF4D2D25331E0400AA92A1 /* Heater.swift */ = {isa = PBXFileReference; fileEncoding = 4; lastKnownFileType = sourcecode.swift; path = Heater.swift; sourceTree = "<group>"; };
		FADF4D2E25331E0400AA92A1 /* Light.swift */ = {isa = PBXFileReference; fileEncoding = 4; lastKnownFileType = sourcecode.swift; path = Light.swift; sourceTree = "<group>"; };
		FADF4D2F25331E0400AA92A1 /* RollerShutter.swift */ = {isa = PBXFileReference; fileEncoding = 4; lastKnownFileType = sourcecode.swift; path = RollerShutter.swift; sourceTree = "<group>"; };
		FADF4D3025331E0400AA92A1 /* Device.swift */ = {isa = PBXFileReference; fileEncoding = 4; lastKnownFileType = sourcecode.swift; path = Device.swift; sourceTree = "<group>"; };
		FADF4D392533201500AA92A1 /* RequestInfo.swift */ = {isa = PBXFileReference; fileEncoding = 4; lastKnownFileType = sourcecode.swift; path = RequestInfo.swift; sourceTree = "<group>"; };
		FADF4D3A2533201500AA92A1 /* NetworkClientProtocol.swift */ = {isa = PBXFileReference; fileEncoding = 4; lastKnownFileType = sourcecode.swift; path = NetworkClientProtocol.swift; sourceTree = "<group>"; };
		FADF4D3B2533201500AA92A1 /* RequestableProtocol.swift */ = {isa = PBXFileReference; fileEncoding = 4; lastKnownFileType = sourcecode.swift; path = RequestableProtocol.swift; sourceTree = "<group>"; };
		FADF4D3C2533201500AA92A1 /* NetworkClient.swift */ = {isa = PBXFileReference; fileEncoding = 4; lastKnownFileType = sourcecode.swift; path = NetworkClient.swift; sourceTree = "<group>"; };
		FADF4D3D2533201500AA92A1 /* NetworkConnector.swift */ = {isa = PBXFileReference; fileEncoding = 4; lastKnownFileType = sourcecode.swift; path = NetworkConnector.swift; sourceTree = "<group>"; };
/* End PBXFileReference section */

/* Begin PBXFrameworksBuildPhase section */
		FADF4C3D25330DEC00AA92A1 /* Frameworks */ = {
			isa = PBXFrameworksBuildPhase;
			buildActionMask = 2147483647;
			files = (
			);
			runOnlyForDeploymentPostprocessing = 0;
		};
		FADF4C5325330DED00AA92A1 /* Frameworks */ = {
			isa = PBXFrameworksBuildPhase;
			buildActionMask = 2147483647;
			files = (
			);
			runOnlyForDeploymentPostprocessing = 0;
		};
		FADF4C5E25330DED00AA92A1 /* Frameworks */ = {
			isa = PBXFrameworksBuildPhase;
			buildActionMask = 2147483647;
			files = (
			);
			runOnlyForDeploymentPostprocessing = 0;
		};
/* End PBXFrameworksBuildPhase section */

/* Begin PBXGroup section */
		8691F7C36BCA356D5C425D46 /* Pods */ = {
			isa = PBXGroup;
			children = (
				E48E75E8B886775D4E956B7C /* Pods-ModuloTech.debug.xcconfig */,
				63088E00A51DF139F3F7AC4B /* Pods-ModuloTech.release.xcconfig */,
				5EC64066AF645CFD60B2B7AB /* Pods-ModuloTech-ModuloTechUITests.debug.xcconfig */,
				A3F03F30E29D1EE8D4C7448D /* Pods-ModuloTech-ModuloTechUITests.release.xcconfig */,
				C5321EEC925C0E6ABADC57BB /* Pods-ModuloTechTests.debug.xcconfig */,
				5B4A0CE2DB4FD0083EA245B5 /* Pods-ModuloTechTests.release.xcconfig */,
			);
			path = Pods;
			sourceTree = "<group>";
		};
		932B4212A685F6EED3CBE6E3 /* Frameworks */ = {
			isa = PBXGroup;
			children = (
			);
			name = Frameworks;
			sourceTree = "<group>";
		};
		FAC77F702549E7F500120127 /* Networking */ = {
			isa = PBXGroup;
			children = (
				FADF4D3C2533201500AA92A1 /* NetworkClient.swift */,
				FADF4D3A2533201500AA92A1 /* NetworkClientProtocol.swift */,
				FADF4D3D2533201500AA92A1 /* NetworkConnector.swift */,
				FADF4D3B2533201500AA92A1 /* RequestableProtocol.swift */,
				FADF4D392533201500AA92A1 /* RequestInfo.swift */,
			);
			path = Networking;
			sourceTree = "<group>";
		};
		FAC77F7A2549E91C00120127 /* Screens */ = {
			isa = PBXGroup;
			children = (
				FAC77FA62549EEA500120127 /* MainViewController.swift */,
				FAC77F7B2549E92500120127 /* HomeScreen */,
			);
			path = Screens;
			sourceTree = "<group>";
		};
		FAC77F7B2549E92500120127 /* HomeScreen */ = {
			isa = PBXGroup;
			children = (
				FAC77F722549E84F00120127 /* HomeViewModel.swift */,
				FAC77F6B2549E7BF00120127 /* HomeResponse.swift */,
				FAC77F7F2549E95E00120127 /* HomeViewController.swift */,
			);
			path = HomeScreen;
			sourceTree = "<group>";
		};
		FADF4C3725330DEC00AA92A1 = {
			isa = PBXGroup;
			children = (
				FADF4C4225330DEC00AA92A1 /* ModuloTech */,
				FADF4C5925330DED00AA92A1 /* ModuloTechTests */,
				FADF4C6425330DEE00AA92A1 /* ModuloTechUITests */,
				FADF4C4125330DEC00AA92A1 /* Products */,
				8691F7C36BCA356D5C425D46 /* Pods */,
				932B4212A685F6EED3CBE6E3 /* Frameworks */,
			);
			sourceTree = "<group>";
		};
		FADF4C4125330DEC00AA92A1 /* Products */ = {
			isa = PBXGroup;
			children = (
				FADF4C4025330DEC00AA92A1 /* ModuloTech.app */,
				FADF4C5625330DED00AA92A1 /* ModuloTechTests.xctest */,
				FADF4C6125330DEE00AA92A1 /* ModuloTechUITests.xctest */,
			);
			name = Products;
			sourceTree = "<group>";
		};
		FADF4C4225330DEC00AA92A1 /* ModuloTech */ = {
			isa = PBXGroup;
			children = (
				FADF4D3825331FEF00AA92A1 /* Data */,
				FADF4D2C25331E0400AA92A1 /* Models */,
				FADF4C88253310E000AA92A1 /* App */,
			);
			path = ModuloTech;
			sourceTree = "<group>";
		};
		FADF4C5925330DED00AA92A1 /* ModuloTechTests */ = {
			isa = PBXGroup;
			children = (
				FADF4C5A25330DED00AA92A1 /* ModuloTechTests.swift */,
				FADF4C5C25330DED00AA92A1 /* Info.plist */,
			);
			path = ModuloTechTests;
			sourceTree = "<group>";
		};
		FADF4C6425330DEE00AA92A1 /* ModuloTechUITests */ = {
			isa = PBXGroup;
			children = (
				FADF4C6525330DEE00AA92A1 /* ModuloTechUITests.swift */,
				FADF4C6725330DEE00AA92A1 /* Info.plist */,
			);
			path = ModuloTechUITests;
			sourceTree = "<group>";
		};
		FADF4C88253310E000AA92A1 /* App */ = {
			isa = PBXGroup;
			children = (
				FAC77F7A2549E91C00120127 /* Screens */,
				FADF4CFB2533158900AA92A1 /* Main */,
			);
			path = App;
			sourceTree = "<group>";
		};
		FADF4CFB2533158900AA92A1 /* Main */ = {
			isa = PBXGroup;
			children = (
				FADF4C8A253310E000AA92A1 /* Assets.xcassets */,
				FADF4C90253310E000AA92A1 /* Info.plist */,
				FADF4C8B253310E000AA92A1 /* LaunchScreen.storyboard */,
				FADF4C8F253310E000AA92A1 /* AppDelegate.swift */,
				FADF4D09253315F600AA92A1 /* Localizable.strings */,
			);
			path = Main;
			sourceTree = "<group>";
		};
		FADF4D2C25331E0400AA92A1 /* Models */ = {
			isa = PBXGroup;
			children = (
				FADF4D2D25331E0400AA92A1 /* Heater.swift */,
				FADF4D2E25331E0400AA92A1 /* Light.swift */,
				FADF4D2F25331E0400AA92A1 /* RollerShutter.swift */,
				FADF4D3025331E0400AA92A1 /* Device.swift */,
			);
			path = Models;
			sourceTree = "<group>";
		};
		FADF4D3825331FEF00AA92A1 /* Data */ = {
			isa = PBXGroup;
			children = (
				FAC77F702549E7F500120127 /* Networking */,
			);
			path = Data;
			sourceTree = "<group>";
		};
/* End PBXGroup section */

/* Begin PBXNativeTarget section */
		FADF4C3F25330DEC00AA92A1 /* ModuloTech */ = {
			isa = PBXNativeTarget;
			buildConfigurationList = FADF4C6A25330DEE00AA92A1 /* Build configuration list for PBXNativeTarget "ModuloTech" */;
			buildPhases = (
				177383B1022084E764F5D55C /* [CP] Check Pods Manifest.lock */,
				FADF4C3C25330DEC00AA92A1 /* Sources */,
				FADF4C3D25330DEC00AA92A1 /* Frameworks */,
				FADF4C3E25330DEC00AA92A1 /* Resources */,
			);
			buildRules = (
			);
			dependencies = (
			);
			name = ModuloTech;
			productName = ModuloTech;
			productReference = FADF4C4025330DEC00AA92A1 /* ModuloTech.app */;
			productType = "com.apple.product-type.application";
		};
		FADF4C5525330DED00AA92A1 /* ModuloTechTests */ = {
			isa = PBXNativeTarget;
			buildConfigurationList = FADF4C6D25330DEE00AA92A1 /* Build configuration list for PBXNativeTarget "ModuloTechTests" */;
			buildPhases = (
				28CD2110BE19382B478F6E5E /* [CP] Check Pods Manifest.lock */,
				FADF4C5225330DED00AA92A1 /* Sources */,
				FADF4C5325330DED00AA92A1 /* Frameworks */,
				FADF4C5425330DED00AA92A1 /* Resources */,
			);
			buildRules = (
			);
			dependencies = (
				FADF4C5825330DED00AA92A1 /* PBXTargetDependency */,
			);
			name = ModuloTechTests;
			productName = ModuloTechTests;
			productReference = FADF4C5625330DED00AA92A1 /* ModuloTechTests.xctest */;
			productType = "com.apple.product-type.bundle.unit-test";
		};
		FADF4C6025330DED00AA92A1 /* ModuloTechUITests */ = {
			isa = PBXNativeTarget;
			buildConfigurationList = FADF4C7025330DEE00AA92A1 /* Build configuration list for PBXNativeTarget "ModuloTechUITests" */;
			buildPhases = (
				CDCD9CDF0503D71FB65D163B /* [CP] Check Pods Manifest.lock */,
				FADF4C5D25330DED00AA92A1 /* Sources */,
				FADF4C5E25330DED00AA92A1 /* Frameworks */,
				FADF4C5F25330DED00AA92A1 /* Resources */,
			);
			buildRules = (
			);
			dependencies = (
				FADF4C6325330DEE00AA92A1 /* PBXTargetDependency */,
			);
			name = ModuloTechUITests;
			productName = ModuloTechUITests;
			productReference = FADF4C6125330DEE00AA92A1 /* ModuloTechUITests.xctest */;
			productType = "com.apple.product-type.bundle.ui-testing";
		};
/* End PBXNativeTarget section */

/* Begin PBXProject section */
		FADF4C3825330DEC00AA92A1 /* Project object */ = {
			isa = PBXProject;
			attributes = {
				LastSwiftUpdateCheck = 1200;
				LastUpgradeCheck = 1200;
				TargetAttributes = {
					FADF4C3F25330DEC00AA92A1 = {
						CreatedOnToolsVersion = 12.0;
					};
					FADF4C5525330DED00AA92A1 = {
						CreatedOnToolsVersion = 12.0;
						TestTargetID = FADF4C3F25330DEC00AA92A1;
					};
					FADF4C6025330DED00AA92A1 = {
						CreatedOnToolsVersion = 12.0;
						TestTargetID = FADF4C3F25330DEC00AA92A1;
					};
				};
			};
			buildConfigurationList = FADF4C3B25330DEC00AA92A1 /* Build configuration list for PBXProject "ModuloTech" */;
			compatibilityVersion = "Xcode 9.3";
			developmentRegion = en;
			hasScannedForEncodings = 0;
			knownRegions = (
				en,
				Base,
				fr,
			);
			mainGroup = FADF4C3725330DEC00AA92A1;
			productRefGroup = FADF4C4125330DEC00AA92A1 /* Products */;
			projectDirPath = "";
			projectRoot = "";
			targets = (
				FADF4C3F25330DEC00AA92A1 /* ModuloTech */,
				FADF4C5525330DED00AA92A1 /* ModuloTechTests */,
				FADF4C6025330DED00AA92A1 /* ModuloTechUITests */,
			);
		};
/* End PBXProject section */

/* Begin PBXResourcesBuildPhase section */
		FADF4C3E25330DEC00AA92A1 /* Resources */ = {
			isa = PBXResourcesBuildPhase;
			buildActionMask = 2147483647;
			files = (
				FADF4D07253315F600AA92A1 /* Localizable.strings in Resources */,
				FADF4C92253310E000AA92A1 /* Assets.xcassets in Resources */,
				FADF4C93253310E000AA92A1 /* LaunchScreen.storyboard in Resources */,
			);
			runOnlyForDeploymentPostprocessing = 0;
		};
		FADF4C5425330DED00AA92A1 /* Resources */ = {
			isa = PBXResourcesBuildPhase;
			buildActionMask = 2147483647;
			files = (
			);
			runOnlyForDeploymentPostprocessing = 0;
		};
		FADF4C5F25330DED00AA92A1 /* Resources */ = {
			isa = PBXResourcesBuildPhase;
			buildActionMask = 2147483647;
			files = (
			);
			runOnlyForDeploymentPostprocessing = 0;
		};
/* End PBXResourcesBuildPhase section */

/* Begin PBXShellScriptBuildPhase section */
		177383B1022084E764F5D55C /* [CP] Check Pods Manifest.lock */ = {
			isa = PBXShellScriptBuildPhase;
			buildActionMask = 2147483647;
			files = (
			);
			inputFileListPaths = (
			);
			inputPaths = (
				"${PODS_PODFILE_DIR_PATH}/Podfile.lock",
				"${PODS_ROOT}/Manifest.lock",
			);
			name = "[CP] Check Pods Manifest.lock";
			outputFileListPaths = (
			);
			outputPaths = (
				"$(DERIVED_FILE_DIR)/Pods-ModuloTech-checkManifestLockResult.txt",
			);
			runOnlyForDeploymentPostprocessing = 0;
			shellPath = /bin/sh;
			shellScript = "diff \"${PODS_PODFILE_DIR_PATH}/Podfile.lock\" \"${PODS_ROOT}/Manifest.lock\" > /dev/null\nif [ $? != 0 ] ; then\n    # print error to STDERR\n    echo \"error: The sandbox is not in sync with the Podfile.lock. Run 'pod install' or update your CocoaPods installation.\" >&2\n    exit 1\nfi\n# This output is used by Xcode 'outputs' to avoid re-running this script phase.\necho \"SUCCESS\" > \"${SCRIPT_OUTPUT_FILE_0}\"\n";
			showEnvVarsInLog = 0;
		};
		28CD2110BE19382B478F6E5E /* [CP] Check Pods Manifest.lock */ = {
			isa = PBXShellScriptBuildPhase;
			buildActionMask = 2147483647;
			files = (
			);
			inputFileListPaths = (
			);
			inputPaths = (
				"${PODS_PODFILE_DIR_PATH}/Podfile.lock",
				"${PODS_ROOT}/Manifest.lock",
			);
			name = "[CP] Check Pods Manifest.lock";
			outputFileListPaths = (
			);
			outputPaths = (
				"$(DERIVED_FILE_DIR)/Pods-ModuloTechTests-checkManifestLockResult.txt",
			);
			runOnlyForDeploymentPostprocessing = 0;
			shellPath = /bin/sh;
			shellScript = "diff \"${PODS_PODFILE_DIR_PATH}/Podfile.lock\" \"${PODS_ROOT}/Manifest.lock\" > /dev/null\nif [ $? != 0 ] ; then\n    # print error to STDERR\n    echo \"error: The sandbox is not in sync with the Podfile.lock. Run 'pod install' or update your CocoaPods installation.\" >&2\n    exit 1\nfi\n# This output is used by Xcode 'outputs' to avoid re-running this script phase.\necho \"SUCCESS\" > \"${SCRIPT_OUTPUT_FILE_0}\"\n";
			showEnvVarsInLog = 0;
		};
		CDCD9CDF0503D71FB65D163B /* [CP] Check Pods Manifest.lock */ = {
			isa = PBXShellScriptBuildPhase;
			buildActionMask = 2147483647;
			files = (
			);
			inputFileListPaths = (
			);
			inputPaths = (
				"${PODS_PODFILE_DIR_PATH}/Podfile.lock",
				"${PODS_ROOT}/Manifest.lock",
			);
			name = "[CP] Check Pods Manifest.lock";
			outputFileListPaths = (
			);
			outputPaths = (
				"$(DERIVED_FILE_DIR)/Pods-ModuloTech-ModuloTechUITests-checkManifestLockResult.txt",
			);
			runOnlyForDeploymentPostprocessing = 0;
			shellPath = /bin/sh;
			shellScript = "diff \"${PODS_PODFILE_DIR_PATH}/Podfile.lock\" \"${PODS_ROOT}/Manifest.lock\" > /dev/null\nif [ $? != 0 ] ; then\n    # print error to STDERR\n    echo \"error: The sandbox is not in sync with the Podfile.lock. Run 'pod install' or update your CocoaPods installation.\" >&2\n    exit 1\nfi\n# This output is used by Xcode 'outputs' to avoid re-running this script phase.\necho \"SUCCESS\" > \"${SCRIPT_OUTPUT_FILE_0}\"\n";
			showEnvVarsInLog = 0;
		};
/* End PBXShellScriptBuildPhase section */

/* Begin PBXSourcesBuildPhase section */
		FADF4C3C25330DEC00AA92A1 /* Sources */ = {
			isa = PBXSourcesBuildPhase;
			buildActionMask = 2147483647;
			files = (
				FADF4D422533201500AA92A1 /* NetworkConnector.swift in Sources */,
				FAC77F6C2549E7BF00120127 /* HomeResponse.swift in Sources */,
				FADF4D3125331E0400AA92A1 /* Heater.swift in Sources */,
				FADF4D412533201500AA92A1 /* NetworkClient.swift in Sources */,
				FADF4D3F2533201500AA92A1 /* NetworkClientProtocol.swift in Sources */,
				FADF4C95253310E000AA92A1 /* AppDelegate.swift in Sources */,
				FADF4D3E2533201500AA92A1 /* RequestInfo.swift in Sources */,
				FAC77FA72549EEA500120127 /* MainViewController.swift in Sources */,
				FADF4D3225331E0400AA92A1 /* Light.swift in Sources */,
				FAC77F732549E84F00120127 /* HomeViewModel.swift in Sources */,
				FADF4D402533201500AA92A1 /* RequestableProtocol.swift in Sources */,
				FADF4D3425331E0400AA92A1 /* Device.swift in Sources */,
				FAC77F802549E95E00120127 /* HomeViewController.swift in Sources */,
				FADF4D3325331E0400AA92A1 /* RollerShutter.swift in Sources */,
			);
			runOnlyForDeploymentPostprocessing = 0;
		};
		FADF4C5225330DED00AA92A1 /* Sources */ = {
			isa = PBXSourcesBuildPhase;
			buildActionMask = 2147483647;
			files = (
				FADF4C5B25330DED00AA92A1 /* ModuloTechTests.swift in Sources */,
			);
			runOnlyForDeploymentPostprocessing = 0;
		};
		FADF4C5D25330DED00AA92A1 /* Sources */ = {
			isa = PBXSourcesBuildPhase;
			buildActionMask = 2147483647;
			files = (
				FADF4C6625330DEE00AA92A1 /* ModuloTechUITests.swift in Sources */,
			);
			runOnlyForDeploymentPostprocessing = 0;
		};
/* End PBXSourcesBuildPhase section */

/* Begin PBXTargetDependency section */
		FADF4C5825330DED00AA92A1 /* PBXTargetDependency */ = {
			isa = PBXTargetDependency;
			target = FADF4C3F25330DEC00AA92A1 /* ModuloTech */;
			targetProxy = FADF4C5725330DED00AA92A1 /* PBXContainerItemProxy */;
		};
		FADF4C6325330DEE00AA92A1 /* PBXTargetDependency */ = {
			isa = PBXTargetDependency;
			target = FADF4C3F25330DEC00AA92A1 /* ModuloTech */;
			targetProxy = FADF4C6225330DEE00AA92A1 /* PBXContainerItemProxy */;
		};
/* End PBXTargetDependency section */

/* Begin PBXVariantGroup section */
		FADF4C8B253310E000AA92A1 /* LaunchScreen.storyboard */ = {
			isa = PBXVariantGroup;
			children = (
				FADF4C8C253310E000AA92A1 /* Base */,
			);
			name = LaunchScreen.storyboard;
			sourceTree = "<group>";
		};
		FADF4D09253315F600AA92A1 /* Localizable.strings */ = {
			isa = PBXVariantGroup;
			children = (
				FADF4D08253315F600AA92A1 /* en */,
				FADF4D0D2533160D00AA92A1 /* fr */,
			);
			name = Localizable.strings;
			sourceTree = "<group>";
		};
/* End PBXVariantGroup section */

/* Begin XCBuildConfiguration section */
		FADF4C6825330DEE00AA92A1 /* Debug */ = {
			isa = XCBuildConfiguration;
			buildSettings = {
				ALWAYS_SEARCH_USER_PATHS = NO;
				CLANG_ANALYZER_LOCALIZABILITY_NONLOCALIZED = YES;
				CLANG_ANALYZER_NONNULL = YES;
				CLANG_ANALYZER_NUMBER_OBJECT_CONVERSION = YES_AGGRESSIVE;
				CLANG_CXX_LANGUAGE_STANDARD = "gnu++14";
				CLANG_CXX_LIBRARY = "libc++";
				CLANG_ENABLE_MODULES = YES;
				CLANG_ENABLE_OBJC_ARC = YES;
				CLANG_ENABLE_OBJC_WEAK = YES;
				CLANG_WARN_BLOCK_CAPTURE_AUTORELEASING = YES;
				CLANG_WARN_BOOL_CONVERSION = YES;
				CLANG_WARN_COMMA = YES;
				CLANG_WARN_CONSTANT_CONVERSION = YES;
				CLANG_WARN_DEPRECATED_OBJC_IMPLEMENTATIONS = YES;
				CLANG_WARN_DIRECT_OBJC_ISA_USAGE = YES_ERROR;
				CLANG_WARN_DOCUMENTATION_COMMENTS = YES;
				CLANG_WARN_EMPTY_BODY = YES;
				CLANG_WARN_ENUM_CONVERSION = YES;
				CLANG_WARN_INFINITE_RECURSION = YES;
				CLANG_WARN_INT_CONVERSION = YES;
				CLANG_WARN_NON_LITERAL_NULL_CONVERSION = YES;
				CLANG_WARN_OBJC_IMPLICIT_RETAIN_SELF = YES;
				CLANG_WARN_OBJC_LITERAL_CONVERSION = YES;
				CLANG_WARN_OBJC_ROOT_CLASS = YES_ERROR;
				CLANG_WARN_QUOTED_INCLUDE_IN_FRAMEWORK_HEADER = YES;
				CLANG_WARN_RANGE_LOOP_ANALYSIS = YES;
				CLANG_WARN_STRICT_PROTOTYPES = YES;
				CLANG_WARN_SUSPICIOUS_MOVE = YES;
				CLANG_WARN_UNGUARDED_AVAILABILITY = YES_AGGRESSIVE;
				CLANG_WARN_UNREACHABLE_CODE = YES;
				CLANG_WARN__DUPLICATE_METHOD_MATCH = YES;
				COPY_PHASE_STRIP = NO;
				DEBUG_INFORMATION_FORMAT = dwarf;
				ENABLE_STRICT_OBJC_MSGSEND = YES;
				ENABLE_TESTABILITY = YES;
				GCC_C_LANGUAGE_STANDARD = gnu11;
				GCC_DYNAMIC_NO_PIC = NO;
				GCC_NO_COMMON_BLOCKS = YES;
				GCC_OPTIMIZATION_LEVEL = 0;
				GCC_PREPROCESSOR_DEFINITIONS = (
					"DEBUG=1",
					"$(inherited)",
				);
				GCC_WARN_64_TO_32_BIT_CONVERSION = YES;
				GCC_WARN_ABOUT_RETURN_TYPE = YES_ERROR;
				GCC_WARN_UNDECLARED_SELECTOR = YES;
				GCC_WARN_UNINITIALIZED_AUTOS = YES_AGGRESSIVE;
				GCC_WARN_UNUSED_FUNCTION = YES;
				GCC_WARN_UNUSED_VARIABLE = YES;
				INFOPLIST_FILE = "";
				IPHONEOS_DEPLOYMENT_TARGET = 14.0;
				MTL_ENABLE_DEBUG_INFO = INCLUDE_SOURCE;
				MTL_FAST_MATH = YES;
				ONLY_ACTIVE_ARCH = YES;
				SDKROOT = iphoneos;
				SWIFT_ACTIVE_COMPILATION_CONDITIONS = DEBUG;
				SWIFT_OPTIMIZATION_LEVEL = "-Onone";
			};
			name = Debug;
		};
		FADF4C6925330DEE00AA92A1 /* Release */ = {
			isa = XCBuildConfiguration;
			buildSettings = {
				ALWAYS_SEARCH_USER_PATHS = NO;
				CLANG_ANALYZER_LOCALIZABILITY_NONLOCALIZED = YES;
				CLANG_ANALYZER_NONNULL = YES;
				CLANG_ANALYZER_NUMBER_OBJECT_CONVERSION = YES_AGGRESSIVE;
				CLANG_CXX_LANGUAGE_STANDARD = "gnu++14";
				CLANG_CXX_LIBRARY = "libc++";
				CLANG_ENABLE_MODULES = YES;
				CLANG_ENABLE_OBJC_ARC = YES;
				CLANG_ENABLE_OBJC_WEAK = YES;
				CLANG_WARN_BLOCK_CAPTURE_AUTORELEASING = YES;
				CLANG_WARN_BOOL_CONVERSION = YES;
				CLANG_WARN_COMMA = YES;
				CLANG_WARN_CONSTANT_CONVERSION = YES;
				CLANG_WARN_DEPRECATED_OBJC_IMPLEMENTATIONS = YES;
				CLANG_WARN_DIRECT_OBJC_ISA_USAGE = YES_ERROR;
				CLANG_WARN_DOCUMENTATION_COMMENTS = YES;
				CLANG_WARN_EMPTY_BODY = YES;
				CLANG_WARN_ENUM_CONVERSION = YES;
				CLANG_WARN_INFINITE_RECURSION = YES;
				CLANG_WARN_INT_CONVERSION = YES;
				CLANG_WARN_NON_LITERAL_NULL_CONVERSION = YES;
				CLANG_WARN_OBJC_IMPLICIT_RETAIN_SELF = YES;
				CLANG_WARN_OBJC_LITERAL_CONVERSION = YES;
				CLANG_WARN_OBJC_ROOT_CLASS = YES_ERROR;
				CLANG_WARN_QUOTED_INCLUDE_IN_FRAMEWORK_HEADER = YES;
				CLANG_WARN_RANGE_LOOP_ANALYSIS = YES;
				CLANG_WARN_STRICT_PROTOTYPES = YES;
				CLANG_WARN_SUSPICIOUS_MOVE = YES;
				CLANG_WARN_UNGUARDED_AVAILABILITY = YES_AGGRESSIVE;
				CLANG_WARN_UNREACHABLE_CODE = YES;
				CLANG_WARN__DUPLICATE_METHOD_MATCH = YES;
				COPY_PHASE_STRIP = NO;
				DEBUG_INFORMATION_FORMAT = "dwarf-with-dsym";
				ENABLE_NS_ASSERTIONS = NO;
				ENABLE_STRICT_OBJC_MSGSEND = YES;
				GCC_C_LANGUAGE_STANDARD = gnu11;
				GCC_NO_COMMON_BLOCKS = YES;
				GCC_WARN_64_TO_32_BIT_CONVERSION = YES;
				GCC_WARN_ABOUT_RETURN_TYPE = YES_ERROR;
				GCC_WARN_UNDECLARED_SELECTOR = YES;
				GCC_WARN_UNINITIALIZED_AUTOS = YES_AGGRESSIVE;
				GCC_WARN_UNUSED_FUNCTION = YES;
				GCC_WARN_UNUSED_VARIABLE = YES;
				INFOPLIST_FILE = "";
				IPHONEOS_DEPLOYMENT_TARGET = 14.0;
				MTL_ENABLE_DEBUG_INFO = NO;
				MTL_FAST_MATH = YES;
				SDKROOT = iphoneos;
				SWIFT_COMPILATION_MODE = wholemodule;
				SWIFT_OPTIMIZATION_LEVEL = "-O";
				VALIDATE_PRODUCT = YES;
			};
			name = Release;
		};
		FADF4C6B25330DEE00AA92A1 /* Debug */ = {
			isa = XCBuildConfiguration;
			baseConfigurationReference = E48E75E8B886775D4E956B7C /* Pods-ModuloTech.debug.xcconfig */;
			buildSettings = {
				ASSETCATALOG_COMPILER_APPICON_NAME = AppIcon;
				ASSETCATALOG_COMPILER_GLOBAL_ACCENT_COLOR_NAME = AccentColor;
				CODE_SIGN_STYLE = Automatic;
				DEVELOPMENT_TEAM = W9ADM3LS84;
				INFOPLIST_FILE = ModuloTech/App/Main/Info.plist;
				LD_RUNPATH_SEARCH_PATHS = (
					"$(inherited)",
					"@executable_path/Frameworks",
				);
				PRODUCT_BUNDLE_IDENTIFIER = fr.AhmedK.ModuloTech;
				PRODUCT_NAME = "$(TARGET_NAME)";
				SWIFT_VERSION = 5.0;
				TARGETED_DEVICE_FAMILY = 1;
			};
			name = Debug;
		};
		FADF4C6C25330DEE00AA92A1 /* Release */ = {
			isa = XCBuildConfiguration;
			baseConfigurationReference = 63088E00A51DF139F3F7AC4B /* Pods-ModuloTech.release.xcconfig */;
			buildSettings = {
				ASSETCATALOG_COMPILER_APPICON_NAME = AppIcon;
				ASSETCATALOG_COMPILER_GLOBAL_ACCENT_COLOR_NAME = AccentColor;
				CODE_SIGN_STYLE = Automatic;
				DEVELOPMENT_TEAM = W9ADM3LS84;
				INFOPLIST_FILE = ModuloTech/App/Main/Info.plist;
				LD_RUNPATH_SEARCH_PATHS = (
					"$(inherited)",
					"@executable_path/Frameworks",
				);
				PRODUCT_BUNDLE_IDENTIFIER = fr.AhmedK.ModuloTech;
				PRODUCT_NAME = "$(TARGET_NAME)";
				SWIFT_VERSION = 5.0;
				TARGETED_DEVICE_FAMILY = 1;
			};
			name = Release;
		};
		FADF4C6E25330DEE00AA92A1 /* Debug */ = {
			isa = XCBuildConfiguration;
			baseConfigurationReference = C5321EEC925C0E6ABADC57BB /* Pods-ModuloTechTests.debug.xcconfig */;
			buildSettings = {
				ALWAYS_EMBED_SWIFT_STANDARD_LIBRARIES = YES;
				BUNDLE_LOADER = "$(TEST_HOST)";
				CODE_SIGN_STYLE = Automatic;
				DEVELOPMENT_TEAM = W9ADM3LS84;
				INFOPLIST_FILE = ModuloTechTests/Info.plist;
				IPHONEOS_DEPLOYMENT_TARGET = 14.0;
				LD_RUNPATH_SEARCH_PATHS = (
					"$(inherited)",
					"@executable_path/Frameworks",
					"@loader_path/Frameworks",
				);
				PRODUCT_BUNDLE_IDENTIFIER = fr.AhmedK.ModuloTechTests;
				PRODUCT_NAME = "$(TARGET_NAME)";
				SWIFT_VERSION = 5.0;
				TARGETED_DEVICE_FAMILY = "1,2";
				TEST_HOST = "$(BUILT_PRODUCTS_DIR)/ModuloTech.app/ModuloTech";
			};
			name = Debug;
		};
		FADF4C6F25330DEE00AA92A1 /* Release */ = {
			isa = XCBuildConfiguration;
			baseConfigurationReference = 5B4A0CE2DB4FD0083EA245B5 /* Pods-ModuloTechTests.release.xcconfig */;
			buildSettings = {
				ALWAYS_EMBED_SWIFT_STANDARD_LIBRARIES = YES;
				BUNDLE_LOADER = "$(TEST_HOST)";
				CODE_SIGN_STYLE = Automatic;
				DEVELOPMENT_TEAM = W9ADM3LS84;
				INFOPLIST_FILE = ModuloTechTests/Info.plist;
				IPHONEOS_DEPLOYMENT_TARGET = 14.0;
				LD_RUNPATH_SEARCH_PATHS = (
					"$(inherited)",
					"@executable_path/Frameworks",
					"@loader_path/Frameworks",
				);
				PRODUCT_BUNDLE_IDENTIFIER = fr.AhmedK.ModuloTechTests;
				PRODUCT_NAME = "$(TARGET_NAME)";
				SWIFT_VERSION = 5.0;
				TARGETED_DEVICE_FAMILY = "1,2";
				TEST_HOST = "$(BUILT_PRODUCTS_DIR)/ModuloTech.app/ModuloTech";
			};
			name = Release;
		};
		FADF4C7125330DEE00AA92A1 /* Debug */ = {
			isa = XCBuildConfiguration;
			baseConfigurationReference = 5EC64066AF645CFD60B2B7AB /* Pods-ModuloTech-ModuloTechUITests.debug.xcconfig */;
			buildSettings = {
				ALWAYS_EMBED_SWIFT_STANDARD_LIBRARIES = YES;
				CODE_SIGN_STYLE = Automatic;
				DEVELOPMENT_TEAM = W9ADM3LS84;
				INFOPLIST_FILE = ModuloTechUITests/Info.plist;
				LD_RUNPATH_SEARCH_PATHS = (
					"$(inherited)",
					"@executable_path/Frameworks",
					"@loader_path/Frameworks",
				);
				PRODUCT_BUNDLE_IDENTIFIER = fr.AhmedK.ModuloTechUITests;
				PRODUCT_NAME = "$(TARGET_NAME)";
				SWIFT_VERSION = 5.0;
				TARGETED_DEVICE_FAMILY = "1,2";
				TEST_TARGET_NAME = ModuloTech;
			};
			name = Debug;
		};
		FADF4C7225330DEE00AA92A1 /* Release */ = {
			isa = XCBuildConfiguration;
			baseConfigurationReference = A3F03F30E29D1EE8D4C7448D /* Pods-ModuloTech-ModuloTechUITests.release.xcconfig */;
			buildSettings = {
				ALWAYS_EMBED_SWIFT_STANDARD_LIBRARIES = YES;
				CODE_SIGN_STYLE = Automatic;
				DEVELOPMENT_TEAM = W9ADM3LS84;
				INFOPLIST_FILE = ModuloTechUITests/Info.plist;
				LD_RUNPATH_SEARCH_PATHS = (
					"$(inherited)",
					"@executable_path/Frameworks",
					"@loader_path/Frameworks",
				);
				PRODUCT_BUNDLE_IDENTIFIER = fr.AhmedK.ModuloTechUITests;
				PRODUCT_NAME = "$(TARGET_NAME)";
				SWIFT_VERSION = 5.0;
				TARGETED_DEVICE_FAMILY = "1,2";
				TEST_TARGET_NAME = ModuloTech;
			};
			name = Release;
		};
/* End XCBuildConfiguration section */

/* Begin XCConfigurationList section */
		FADF4C3B25330DEC00AA92A1 /* Build configuration list for PBXProject "ModuloTech" */ = {
			isa = XCConfigurationList;
			buildConfigurations = (
				FADF4C6825330DEE00AA92A1 /* Debug */,
				FADF4C6925330DEE00AA92A1 /* Release */,
			);
			defaultConfigurationIsVisible = 0;
			defaultConfigurationName = Release;
		};
		FADF4C6A25330DEE00AA92A1 /* Build configuration list for PBXNativeTarget "ModuloTech" */ = {
			isa = XCConfigurationList;
			buildConfigurations = (
				FADF4C6B25330DEE00AA92A1 /* Debug */,
				FADF4C6C25330DEE00AA92A1 /* Release */,
			);
			defaultConfigurationIsVisible = 0;
			defaultConfigurationName = Release;
		};
		FADF4C6D25330DEE00AA92A1 /* Build configuration list for PBXNativeTarget "ModuloTechTests" */ = {
			isa = XCConfigurationList;
			buildConfigurations = (
				FADF4C6E25330DEE00AA92A1 /* Debug */,
				FADF4C6F25330DEE00AA92A1 /* Release */,
			);
			defaultConfigurationIsVisible = 0;
			defaultConfigurationName = Release;
		};
		FADF4C7025330DEE00AA92A1 /* Build configuration list for PBXNativeTarget "ModuloTechUITests" */ = {
			isa = XCConfigurationList;
			buildConfigurations = (
				FADF4C7125330DEE00AA92A1 /* Debug */,
				FADF4C7225330DEE00AA92A1 /* Release */,
			);
			defaultConfigurationIsVisible = 0;
			defaultConfigurationName = Release;
		};
/* End XCConfigurationList section */
	};
	rootObject = FADF4C3825330DEC00AA92A1 /* Project object */;
}
